
Microsoft Visual Studio Solution File, Format Version 12.00
# Visual Studio Version 17
VisualStudioVersion = 17.11.35327.3
MinimumVisualStudioVersion = 10.0.40219.1
Project("{FAE04EC0-301F-11D3-BF4B-00C04F79EFBC}") = "T9SpellingApp", "T9SpellingApp\T9SpellingApp.csproj", "{F862414F-82F3-4FC2-ACE4-63F269928242}"
EndProject
Project("{FAE04EC0-301F-11D3-BF4B-00C04F79EFBC}") = "T9SpellingTests", "T9SpellingTests\T9SpellingTests.csproj", "{A1973925-1EA3-4BFA-84DC-782CD320D31A}"
EndProject
Global
	GlobalSection(SolutionConfigurationPlatforms) = preSolution
		Debug|Any CPU = Debug|Any CPU
		Release|Any CPU = Release|Any CPU
	EndGlobalSection
	GlobalSection(ProjectConfigurationPlatforms) = postSolution
		{F862414F-82F3-4FC2-ACE4-63F269928242}.Debug|Any CPU.ActiveCfg = Debug|Any CPU
		{F862414F-82F3-4FC2-ACE4-63F269928242}.Debug|Any CPU.Build.0 = Debug|Any CPU
		{F862414F-82F3-4FC2-ACE4-63F269928242}.Release|Any CPU.ActiveCfg = Release|Any CPU
		{F862414F-82F3-4FC2-ACE4-63F269928242}.Release|Any CPU.Build.0 = Release|Any CPU
		{A1973925-1EA3-4BFA-84DC-782CD320D31A}.Debug|Any CPU.ActiveCfg = Debug|Any CPU
		{A1973925-1EA3-4BFA-84DC-782CD320D31A}.Debug|Any CPU.Build.0 = Debug|Any CPU
		{A1973925-1EA3-4BFA-84DC-782CD320D31A}.Release|Any CPU.ActiveCfg = Release|Any CPU
		{A1973925-1EA3-4BFA-84DC-782CD320D31A}.Release|Any CPU.Build.0 = Release|Any CPU
	EndGlobalSection
	GlobalSection(SolutionProperties) = preSolution
		HideSolutionNode = FALSE
	EndGlobalSection
	GlobalSection(ExtensibilityGlobals) = postSolution
		SolutionGuid = {48B9E462-D341-44ED-AFA6-AD97D87275B4}
	EndGlobalSection
EndGlobal
